<?xml version="1.0" encoding="utf-8"?>
<Project ToolsVersion="4.0" xmlns="http://schemas.microsoft.com/developer/msbuild/2003">
  <ItemGroup>
    <ClCompile Include="FileManager.cpp">
      <Filter>Source Files</Filter>
    </ClCompile>
    <ClCompile Include="Interpreter.cpp">
      <Filter>Source Files</Filter>
    </ClCompile>
    <ClCompile Include="main.cpp">
      <Filter>Source Files</Filter>
    </ClCompile>
    <ClCompile Include="Prisoner.cpp">
      <Filter>Source Files</Filter>
    </ClCompile>
    <ClCompile Include="PsilLang.cpp">
      <Filter>Source Files</Filter>
    </ClCompile>
    <ClCompile Include="StrategyGenerator.cpp">
      <Filter>Source Files</Filter>
    </ClCompile>
    <ClCompile Include="Gang.cpp">
      <Filter>Source Files</Filter>
    </ClCompile>
    <ClCompile Include="Game.cpp">
      <Filter>Source Files</Filter>
    </ClCompile>
    <ClCompile Include="GangGame.cpp">
      <Filter>Source Files</Filter>
    </ClCompile>
    <ClCompile Include="GangTournament.cpp">
      <Filter>Source Files</Filter>
    </ClCompile>
    <ClCompile Include="Tournament.cpp">
      <Filter>Source Files</Filter>
    </ClCompile>
    <ClCompile Include="GangMember.cpp">
      <Filter>Source Files</Filter>
    </ClCompile>
  </ItemGroup>
  <ItemGroup>
    <ClInclude Include="FileManager.h">
      <Filter>Header Files</Filter>
    </ClInclude>
    <ClInclude Include="Interpreter.h">
      <Filter>Header Files</Filter>
    </ClInclude>
    <ClInclude Include="Prisoner.h">
      <Filter>Header Files</Filter>
    </ClInclude>
    <ClInclude Include="PsilLang.h">
      <Filter>Header Files</Filter>
    </ClInclude>
    <ClInclude Include="StrategyGenerator.h">
      <Filter>Header Files</Filter>
    </ClInclude>
    <ClInclude Include="Gang.h">
      <Filter>Header Files</Filter>
    </ClInclude>
    <ClInclude Include="Game.h">
      <Filter>Header Files</Filter>
    </ClInclude>
    <ClInclude Include="GangGame.h">
      <Filter>Header Files</Filter>
    </ClInclude>
    <ClInclude Include="GangTournament.h">
      <Filter>Header Files</Filter>
    </ClInclude>
    <ClInclude Include="Tournament.h">
      <Filter>Header Files</Filter>
    </ClInclude>
    <ClInclude Include="Random.h">
      <Filter>Header Files</Filter>
    </ClInclude>
    <ClInclude Include="GangMember.h">
      <Filter>Header Files</Filter>
    </ClInclude>
  </ItemGroup>
  <ItemGroup>
    <Filter Include="Header Files">
      <UniqueIdentifier>{cc7f288f-e538-43e4-bda1-ef86fc3978a9}</UniqueIdentifier>
    </Filter>
    <Filter Include="Source Files">
      <UniqueIdentifier>{56d27e46-fc26-4b49-bd1c-86607f9a71c7}</UniqueIdentifier>
    </Filter>
    <Filter Include="Resource Files">
      <UniqueIdentifier>{da725b1e-b107-4c27-9255-95a2991e382b}</UniqueIdentifier>
    </Filter>
  </ItemGroup>
</Project>